// !$*UTF8*$!
{
	archiveVersion = 1;
	classes = {
	};
	objectVersion = 46;
	objects = {

/* Begin PBXBuildFile section */
		7F35FF4007F9ACD90056051D /* QSCore.framework in Frameworks */ = {isa = PBXBuildFile; fileRef = 7F35FF3C07F9ACD90056051D /* QSCore.framework */; };
		7F35FF4207F9ACD90056051D /* QSFoundation.framework in Frameworks */ = {isa = PBXBuildFile; fileRef = 7F35FF3E07F9ACD90056051D /* QSFoundation.framework */; };
		7F4AE9060971870500C9B950 /* QSAbracadabraPrefPane.m in Sources */ = {isa = PBXBuildFile; fileRef = 7F4AE9050971870500C9B950 /* QSAbracadabraPrefPane.m */; };
		7F4AE9180971896600C9B950 /* Abracadabra.icns in Resources */ = {isa = PBXBuildFile; fileRef = 7F4AE9170971896600C9B950 /* Abracadabra.icns */; };
		7F699007096E34B200420E96 /* QSEffects.framework in Frameworks */ = {isa = PBXBuildFile; fileRef = 7FFA8E9C0816CCCA00A858CD /* QSEffects.framework */; };
		7F699008096E34B300420E96 /* QSInterface.framework in Frameworks */ = {isa = PBXBuildFile; fileRef = 7FFA8E9D0816CCCA00A858CD /* QSInterface.framework */; };
		7F8404DB096A4857006E6F0E /* QSGestureTriggerManager.m in Sources */ = {isa = PBXBuildFile; fileRef = 7F8404DA096A4857006E6F0E /* QSGestureTriggerManager.m */; };
		7F84051A096A4B1D006E6F0E /* ACGestureEditView.m in Sources */ = {isa = PBXBuildFile; fileRef = 7F840515096A4B1D006E6F0E /* ACGestureEditView.m */; };
		7F84051B096A4B1D006E6F0E /* ACGestureDisplayView.m in Sources */ = {isa = PBXBuildFile; fileRef = 7F840517096A4B1D006E6F0E /* ACGestureDisplayView.m */; };
		7F84051C096A4B1D006E6F0E /* ACGesture.m in Sources */ = {isa = PBXBuildFile; fileRef = 7F840519096A4B1D006E6F0E /* ACGesture.m */; };
		7FB780D109788C1700E62ABE /* Gesture.png in Resources */ = {isa = PBXBuildFile; fileRef = 7FB780D009788C1700E62ABE /* Gesture.png */; };
		7FE0063A0A1514C40014197D /* QSGestureDisplayView.m in Sources */ = {isa = PBXBuildFile; fileRef = 7FE006390A1514C40014197D /* QSGestureDisplayView.m */; };
		8D1AC9700486D14A00FE50C9 /* Cocoa.framework in Frameworks */ = {isa = PBXBuildFile; fileRef = DD92D38A0106425D02CA0E72 /* Cocoa.framework */; };
		CDD640E815F2AD800007CB68 /* Abracadabra.app in Resources */ = {isa = PBXBuildFile; fileRef = CDD640E715F2AD800007CB68 /* Abracadabra.app */; };
		D40036EE171D808A009F099B /* QSAbracadabraPrefPane.xib in Resources */ = {isa = PBXBuildFile; fileRef = D40036EC171D808A009F099B /* QSAbracadabraPrefPane.xib */; };
		D40036EF171D808A009F099B /* QSGestureTrigger.xib in Resources */ = {isa = PBXBuildFile; fileRef = D40036ED171D808A009F099B /* QSGestureTrigger.xib */; };
/* End PBXBuildFile section */

/* Begin PBXContainerItemProxy section */
		4D6BDD72160910E600949B5D /* PBXContainerItemProxy */ = {
			isa = PBXContainerItemProxy;
			containerPortal = 4D6BDD6A160910E500949B5D /* Abracadabra.xcodeproj */;
			proxyType = 2;
			remoteGlobalIDString = 8D1107320486CEB800E47090;
			remoteInfo = Abracadabra;
		};
		4D6BDD761609116300949B5D /* PBXContainerItemProxy */ = {
			isa = PBXContainerItemProxy;
			containerPortal = 4D6BDD6A160910E500949B5D /* Abracadabra.xcodeproj */;
			proxyType = 1;
			remoteGlobalIDString = 8D1107260486CEB800E47090;
			remoteInfo = Abracadabra;
		};
/* End PBXContainerItemProxy section */

/* Begin PBXFileReference section */
		4D6BDD6A160910E500949B5D /* Abracadabra.xcodeproj */ = {isa = PBXFileReference; lastKnownFileType = "wrapper.pb-project"; name = Abracadabra.xcodeproj; path = "Abracadabra-App/Abracadabra.xcodeproj"; sourceTree = "<group>"; };
		7F35FF3C07F9ACD90056051D /* QSCore.framework */ = {isa = PBXFileReference; lastKnownFileType = wrapper.framework; path = QSCore.framework; sourceTree = BUILT_PRODUCTS_DIR; };
		7F35FF3E07F9ACD90056051D /* QSFoundation.framework */ = {isa = PBXFileReference; lastKnownFileType = wrapper.framework; path = QSFoundation.framework; sourceTree = BUILT_PRODUCTS_DIR; };
		7F4AE9040971870500C9B950 /* QSAbracadabraPrefPane.h */ = {isa = PBXFileReference; fileEncoding = 30; lastKnownFileType = sourcecode.c.h; path = QSAbracadabraPrefPane.h; sourceTree = "<group>"; };
		7F4AE9050971870500C9B950 /* QSAbracadabraPrefPane.m */ = {isa = PBXFileReference; fileEncoding = 30; lastKnownFileType = sourcecode.c.objc; path = QSAbracadabraPrefPane.m; sourceTree = "<group>"; };
		7F4AE9170971896600C9B950 /* Abracadabra.icns */ = {isa = PBXFileReference; lastKnownFileType = image.icns; path = Abracadabra.icns; sourceTree = "<group>"; };
		7F8404D9096A4857006E6F0E /* QSGestureTriggerManager.h */ = {isa = PBXFileReference; fileEncoding = 30; lastKnownFileType = sourcecode.c.h; path = QSGestureTriggerManager.h; sourceTree = "<group>"; };
		7F8404DA096A4857006E6F0E /* QSGestureTriggerManager.m */ = {isa = PBXFileReference; fileEncoding = 30; lastKnownFileType = sourcecode.c.objc; path = QSGestureTriggerManager.m; sourceTree = "<group>"; };
		7F840514096A4B1D006E6F0E /* ACGestureEditView.h */ = {isa = PBXFileReference; fileEncoding = 30; lastKnownFileType = sourcecode.c.h; name = ACGestureEditView.h; path = "Abracadabra-App/ACGestureEditView.h"; sourceTree = "<group>"; };
		7F840515096A4B1D006E6F0E /* ACGestureEditView.m */ = {isa = PBXFileReference; fileEncoding = 30; lastKnownFileType = sourcecode.c.objc; name = ACGestureEditView.m; path = "Abracadabra-App/ACGestureEditView.m"; sourceTree = "<group>"; };
		7F840516096A4B1D006E6F0E /* ACGestureDisplayView.h */ = {isa = PBXFileReference; fileEncoding = 30; lastKnownFileType = sourcecode.c.h; name = ACGestureDisplayView.h; path = "Abracadabra-App/ACGestureDisplayView.h"; sourceTree = "<group>"; };
		7F840517096A4B1D006E6F0E /* ACGestureDisplayView.m */ = {isa = PBXFileReference; fileEncoding = 30; lastKnownFileType = sourcecode.c.objc; name = ACGestureDisplayView.m; path = "Abracadabra-App/ACGestureDisplayView.m"; sourceTree = "<group>"; };
		7F840518096A4B1D006E6F0E /* ACGesture.h */ = {isa = PBXFileReference; fileEncoding = 30; lastKnownFileType = sourcecode.c.h; name = ACGesture.h; path = "Abracadabra-App/ACGesture.h"; sourceTree = "<group>"; };
		7F840519096A4B1D006E6F0E /* ACGesture.m */ = {isa = PBXFileReference; fileEncoding = 30; lastKnownFileType = sourcecode.c.objc; name = ACGesture.m; path = "Abracadabra-App/ACGesture.m"; sourceTree = "<group>"; };
		7FB780D009788C1700E62ABE /* Gesture.png */ = {isa = PBXFileReference; lastKnownFileType = image.png; path = Gesture.png; sourceTree = "<group>"; };
		7FE006380A1514C40014197D /* QSGestureDisplayView.h */ = {isa = PBXFileReference; fileEncoding = 4; lastKnownFileType = sourcecode.c.h; path = QSGestureDisplayView.h; sourceTree = "<group>"; };
		7FE006390A1514C40014197D /* QSGestureDisplayView.m */ = {isa = PBXFileReference; fileEncoding = 4; lastKnownFileType = sourcecode.c.objc; path = QSGestureDisplayView.m; sourceTree = "<group>"; };
		7FFA8E9C0816CCCA00A858CD /* QSEffects.framework */ = {isa = PBXFileReference; lastKnownFileType = wrapper.framework; path = QSEffects.framework; sourceTree = BUILT_PRODUCTS_DIR; };
		7FFA8E9D0816CCCA00A858CD /* QSInterface.framework */ = {isa = PBXFileReference; lastKnownFileType = wrapper.framework; path = QSInterface.framework; sourceTree = BUILT_PRODUCTS_DIR; };
		8D1AC9730486D14A00FE50C9 /* Info.plist */ = {isa = PBXFileReference; fileEncoding = 4; lastKnownFileType = text.plist; path = Info.plist; sourceTree = "<group>"; };
		8D1AC9740486D14A00FE50C9 /* Abracadabra Triggers.qsplugin */ = {isa = PBXFileReference; explicitFileType = wrapper.cfbundle; includeInIndex = 0; path = "Abracadabra Triggers.qsplugin"; sourceTree = BUILT_PRODUCTS_DIR; };
		CDCB07AD15B9D75800AA0D90 /* Common.xcconfig */ = {isa = PBXFileReference; fileEncoding = 4; lastKnownFileType = text.xcconfig; path = Common.xcconfig; sourceTree = "<group>"; };
		CDCB07AE15B9D75800AA0D90 /* Debug.xcconfig */ = {isa = PBXFileReference; fileEncoding = 4; lastKnownFileType = text.xcconfig; path = Debug.xcconfig; sourceTree = "<group>"; };
		CDCB07AF15B9D75800AA0D90 /* Developer.xcconfig */ = {isa = PBXFileReference; fileEncoding = 4; lastKnownFileType = text.xcconfig; path = Developer.xcconfig; sourceTree = "<group>"; };
		CDCB07B015B9D75800AA0D90 /* QSPlugIn.xcconfig */ = {isa = PBXFileReference; fileEncoding = 4; lastKnownFileType = text.xcconfig; path = QSPlugIn.xcconfig; sourceTree = "<group>"; };
		CDCB07B315B9D75800AA0D90 /* Quicksilver.pch */ = {isa = PBXFileReference; fileEncoding = 4; lastKnownFileType = sourcecode.c.h; path = Quicksilver.pch; sourceTree = "<group>"; };
		CDCB07B415B9D75800AA0D90 /* Release.xcconfig */ = {isa = PBXFileReference; fileEncoding = 4; lastKnownFileType = text.xcconfig; path = Release.xcconfig; sourceTree = "<group>"; };
		CDD640E715F2AD800007CB68 /* Abracadabra.app */ = {isa = PBXFileReference; lastKnownFileType = wrapper.application; path = Abracadabra.app; sourceTree = BUILT_PRODUCTS_DIR; };
		D40036EC171D808A009F099B /* QSAbracadabraPrefPane.xib */ = {isa = PBXFileReference; fileEncoding = 4; lastKnownFileType = file.xib; path = QSAbracadabraPrefPane.xib; sourceTree = "<group>"; };
		D40036ED171D808A009F099B /* QSGestureTrigger.xib */ = {isa = PBXFileReference; fileEncoding = 4; lastKnownFileType = file.xib; path = QSGestureTrigger.xib; sourceTree = "<group>"; };
		DD92D38A0106425D02CA0E72 /* Cocoa.framework */ = {isa = PBXFileReference; lastKnownFileType = wrapper.framework; name = Cocoa.framework; path = /System/Library/Frameworks/Cocoa.framework; sourceTree = "<absolute>"; };
/* End PBXFileReference section */

/* Begin PBXFrameworksBuildPhase section */
		8D1AC96E0486D14A00FE50C9 /* Frameworks */ = {
			isa = PBXFrameworksBuildPhase;
			buildActionMask = 2147483647;
			files = (
				8D1AC9700486D14A00FE50C9 /* Cocoa.framework in Frameworks */,
				7F35FF4007F9ACD90056051D /* QSCore.framework in Frameworks */,
				7F35FF4207F9ACD90056051D /* QSFoundation.framework in Frameworks */,
				7F699007096E34B200420E96 /* QSEffects.framework in Frameworks */,
				7F699008096E34B300420E96 /* QSInterface.framework in Frameworks */,
			);
			runOnlyForDeploymentPostprocessing = 0;
		};
/* End PBXFrameworksBuildPhase section */

/* Begin PBXGroup section */
		0259C574FE90428111CA0C5A /* QSGestureTriggers */ = {
			isa = PBXGroup;
			children = (
				4D6BDD6A160910E500949B5D /* Abracadabra.xcodeproj */,
				CDCB07AC15B9D75800AA0D90 /* Configuration */,
				32DBCF9E0370C38000C91783 /* Classes */,
				0259C582FE90428111CA0C5A /* Resources */,
				1ED78706FE9D4A0611CA0C5A /* Products */,
				2E58F364FFB232C311CA0CBA /* Frameworks */,
			);
			name = QSGestureTriggers;
			sourceTree = "<group>";
		};
		0259C582FE90428111CA0C5A /* Resources */ = {
			isa = PBXGroup;
			children = (
				CDD640E715F2AD800007CB68 /* Abracadabra.app */,
				7FB780D009788C1700E62ABE /* Gesture.png */,
				7F4AE9170971896600C9B950 /* Abracadabra.icns */,
				8D1AC9730486D14A00FE50C9 /* Info.plist */,
				D40036EC171D808A009F099B /* QSAbracadabraPrefPane.xib */,
				D40036ED171D808A009F099B /* QSGestureTrigger.xib */,
			);
			name = Resources;
			sourceTree = "<group>";
		};
		1ED78706FE9D4A0611CA0C5A /* Products */ = {
			isa = PBXGroup;
			children = (
				8D1AC9740486D14A00FE50C9 /* Abracadabra Triggers.qsplugin */,
			);
			name = Products;
			sourceTree = "<group>";
		};
		2E58F364FFB232C311CA0CBA /* Frameworks */ = {
			isa = PBXGroup;
			children = (
				DD92D38A0106425D02CA0E72 /* Cocoa.framework */,
				7F35FF3C07F9ACD90056051D /* QSCore.framework */,
				7F35FF3E07F9ACD90056051D /* QSFoundation.framework */,
				7FFA8E9C0816CCCA00A858CD /* QSEffects.framework */,
				7FFA8E9D0816CCCA00A858CD /* QSInterface.framework */,
			);
			name = Frameworks;
			sourceTree = "<group>";
		};
		32DBCF9E0370C38000C91783 /* Classes */ = {
			isa = PBXGroup;
			children = (
				7F4AE9040971870500C9B950 /* QSAbracadabraPrefPane.h */,
				7F4AE9050971870500C9B950 /* QSAbracadabraPrefPane.m */,
				7F840514096A4B1D006E6F0E /* ACGestureEditView.h */,
				7F840515096A4B1D006E6F0E /* ACGestureEditView.m */,
				7F840516096A4B1D006E6F0E /* ACGestureDisplayView.h */,
				7F840517096A4B1D006E6F0E /* ACGestureDisplayView.m */,
				7FE006380A1514C40014197D /* QSGestureDisplayView.h */,
				7FE006390A1514C40014197D /* QSGestureDisplayView.m */,
				7F840518096A4B1D006E6F0E /* ACGesture.h */,
				7F840519096A4B1D006E6F0E /* ACGesture.m */,
				7F8404D9096A4857006E6F0E /* QSGestureTriggerManager.h */,
				7F8404DA096A4857006E6F0E /* QSGestureTriggerManager.m */,
			);
			name = Classes;
			sourceTree = "<group>";
		};
		4D6BDD6B160910E500949B5D /* Products */ = {
			isa = PBXGroup;
			children = (
				4D6BDD73160910E600949B5D /* Abracadabra.app */,
			);
			name = Products;
			sourceTree = "<group>";
		};
		CDCB07AC15B9D75800AA0D90 /* Configuration */ = {
			isa = PBXGroup;
			children = (
				CDCB07AD15B9D75800AA0D90 /* Common.xcconfig */,
				CDCB07AE15B9D75800AA0D90 /* Debug.xcconfig */,
				CDCB07AF15B9D75800AA0D90 /* Developer.xcconfig */,
				CDCB07B015B9D75800AA0D90 /* QSPlugIn.xcconfig */,
				CDCB07B315B9D75800AA0D90 /* Quicksilver.pch */,
				CDCB07B415B9D75800AA0D90 /* Release.xcconfig */,
			);
			name = Configuration;
			path = /private/tmp/QS/Configuration;
			sourceTree = "<absolute>";
		};
/* End PBXGroup section */

/* Begin PBXNativeTarget section */
		8D1AC9600486D14A00FE50C9 /* Abracadabra Triggers */ = {
			isa = PBXNativeTarget;
			buildConfigurationList = 7F6B3EEB085CE8DF000735A8 /* Build configuration list for PBXNativeTarget "Abracadabra Triggers" */;
			buildPhases = (
				E1022B2806B3475D00299BEC /* Update Version and Documentation */,
				8D1AC9660486D14A00FE50C9 /* Resources */,
				8D1AC96A0486D14A00FE50C9 /* Sources */,
				8D1AC96E0486D14A00FE50C9 /* Frameworks */,
			);
			buildRules = (
			);
			dependencies = (
				4D6BDD771609116300949B5D /* PBXTargetDependency */,
			);
			name = "Abracadabra Triggers";
			productInstallPath = "$(HOME)/Developer/Palettes";
			productName = QSGestureTriggers;
			productReference = 8D1AC9740486D14A00FE50C9 /* Abracadabra Triggers.qsplugin */;
			productType = "com.apple.product-type.bundle";
		};
/* End PBXNativeTarget section */

/* Begin PBXProject section */
		0259C573FE90428111CA0C5A /* Project object */ = {
			isa = PBXProject;
			attributes = {
				LastUpgradeCheck = 0440;
			};
			buildConfigurationList = 7F6B3EEF085CE8DF000735A8 /* Build configuration list for PBXProject "QSGestureTriggers" */;
			compatibilityVersion = "Xcode 3.2";
			developmentRegion = English;
			hasScannedForEncodings = 1;
			knownRegions = (
				en,
			);
			mainGroup = 0259C574FE90428111CA0C5A /* QSGestureTriggers */;
			projectDirPath = "";
			projectReferences = (
				{
					ProductGroup = 4D6BDD6B160910E500949B5D /* Products */;
					ProjectRef = 4D6BDD6A160910E500949B5D /* Abracadabra.xcodeproj */;
				},
			);
			projectRoot = "";
			targets = (
				8D1AC9600486D14A00FE50C9 /* Abracadabra Triggers */,
			);
		};
/* End PBXProject section */

/* Begin PBXReferenceProxy section */
		4D6BDD73160910E600949B5D /* Abracadabra.app */ = {
			isa = PBXReferenceProxy;
			fileType = wrapper.application;
			path = Abracadabra.app;
			remoteRef = 4D6BDD72160910E600949B5D /* PBXContainerItemProxy */;
			sourceTree = BUILT_PRODUCTS_DIR;
		};
/* End PBXReferenceProxy section */

/* Begin PBXResourcesBuildPhase section */
		8D1AC9660486D14A00FE50C9 /* Resources */ = {
			isa = PBXResourcesBuildPhase;
			buildActionMask = 2147483647;
			files = (
				7F4AE9180971896600C9B950 /* Abracadabra.icns in Resources */,
				7FB780D109788C1700E62ABE /* Gesture.png in Resources */,
				CDD640E815F2AD800007CB68 /* Abracadabra.app in Resources */,
				D40036EE171D808A009F099B /* QSAbracadabraPrefPane.xib in Resources */,
				D40036EF171D808A009F099B /* QSGestureTrigger.xib in Resources */,
			);
			runOnlyForDeploymentPostprocessing = 0;
		};
/* End PBXResourcesBuildPhase section */

/* Begin PBXShellScriptBuildPhase section */
		E1022B2806B3475D00299BEC /* Update Version and Documentation */ = {
			isa = PBXShellScriptBuildPhase;
			buildActionMask = 2147483647;
			files = (
			);
			inputPaths = (
			);
			name = "Update Version and Documentation";
			outputPaths = (
			);
			runOnlyForDeploymentPostprocessing = 0;
			shellPath = /bin/sh;
			shellScript = "\"$QS_BUILD_ROOT/Tools/bltrversion\"";
		};
/* End PBXShellScriptBuildPhase section */

/* Begin PBXSourcesBuildPhase section */
		8D1AC96A0486D14A00FE50C9 /* Sources */ = {
			isa = PBXSourcesBuildPhase;
			buildActionMask = 2147483647;
			files = (
				7F8404DB096A4857006E6F0E /* QSGestureTriggerManager.m in Sources */,
				7F84051A096A4B1D006E6F0E /* ACGestureEditView.m in Sources */,
				7F84051B096A4B1D006E6F0E /* ACGestureDisplayView.m in Sources */,
				7F84051C096A4B1D006E6F0E /* ACGesture.m in Sources */,
				7F4AE9060971870500C9B950 /* QSAbracadabraPrefPane.m in Sources */,
				7FE0063A0A1514C40014197D /* QSGestureDisplayView.m in Sources */,
			);
			runOnlyForDeploymentPostprocessing = 0;
		};
/* End PBXSourcesBuildPhase section */

/* Begin PBXTargetDependency section */
		4D6BDD771609116300949B5D /* PBXTargetDependency */ = {
			isa = PBXTargetDependency;
			name = Abracadabra;
			targetProxy = 4D6BDD761609116300949B5D /* PBXContainerItemProxy */;
		};
/* End PBXTargetDependency section */

/* Begin XCBuildConfiguration section */
		7F6B3EEC085CE8DF000735A8 /* Debug */ = {
			isa = XCBuildConfiguration;
			baseConfigurationReference = CDCB07B015B9D75800AA0D90 /* QSPlugIn.xcconfig */;
			buildSettings = {
				GCC_ENABLE_FIX_AND_CONTINUE = YES;
				OTHER_LDFLAGS = "-bundle";
				PRODUCT_NAME = "Abracadabra Triggers";
				WRAPPER_EXTENSION = qsplugin;
			};
			name = Debug;
		};
		7F6B3EED085CE8DF000735A8 /* Release */ = {
			isa = XCBuildConfiguration;
			baseConfigurationReference = CDCB07B015B9D75800AA0D90 /* QSPlugIn.xcconfig */;
			buildSettings = {
				GCC_ENABLE_FIX_AND_CONTINUE = NO;
				OTHER_LDFLAGS = "-bundle";
				PRODUCT_NAME = "Abracadabra Triggers";
				WRAPPER_EXTENSION = qsplugin;
			};
			name = Release;
		};
		7F6B3EF0085CE8DF000735A8 /* Debug */ = {
			isa = XCBuildConfiguration;
			baseConfigurationReference = CDCB07AE15B9D75800AA0D90 /* Debug.xcconfig */;
			buildSettings = {
			};
			name = Debug;
		};
		7F6B3EF1085CE8DF000735A8 /* Release */ = {
			isa = XCBuildConfiguration;
			baseConfigurationReference = CDCB07AE15B9D75800AA0D90 /* Debug.xcconfig */;
			buildSettings = {
			};
			name = Release;
		};
/* End XCBuildConfiguration section */

/* Begin XCConfigurationList section */
		7F6B3EEB085CE8DF000735A8 /* Build configuration list for PBXNativeTarget "Abracadabra Triggers" */ = {
			isa = XCConfigurationList;
			buildConfigurations = (
				7F6B3EEC085CE8DF000735A8 /* Debug */,
				7F6B3EED085CE8DF000735A8 /* Release */,
			);
			defaultConfigurationIsVisible = 0;
			defaultConfigurationName = Release;
		};
		7F6B3EEF085CE8DF000735A8 /* Build configuration list for PBXProject "QSGestureTriggers" */ = {
			isa = XCConfigurationList;
			buildConfigurations = (
				7F6B3EF0085CE8DF000735A8 /* Debug */,
				7F6B3EF1085CE8DF000735A8 /* Release */,
			);
			defaultConfigurationIsVisible = 0;
			defaultConfigurationName = Release;
		};
/* End XCConfigurationList section */
	};
	rootObject = 0259C573FE90428111CA0C5A /* Project object */;
}
